
Microsoft Visual Studio Solution File, Format Version 12.00
# Visual Studio Version 16
VisualStudioVersion = 16.0.29709.97
MinimumVisualStudioVersion = 10.0.40219.1
Project("{FAE04EC0-301F-11D3-BF4B-00C04F79EFBC}") = "Program", "Program\Program.csproj", "{434BBA7D-1FA8-4F75-A6AF-8FAAD1B04681}"
EndProject
Global
	GlobalSection(SolutionConfigurationPlatforms) = preSolution
		Debug|Any CPU = Debug|Any CPU
		Release|Any CPU = Release|Any CPU
	EndGlobalSection
	GlobalSection(ProjectConfigurationPlatforms) = postSolution
		{434BBA7D-1FA8-4F75-A6AF-8FAAD1B04681}.Debug|Any CPU.ActiveCfg = Debug|Any CPU
		{434BBA7D-1FA8-4F75-A6AF-8FAAD1B04681}.Debug|Any CPU.Build.0 = Debug|Any CPU
		{434BBA7D-1FA8-4F75-A6AF-8FAAD1B04681}.Release|Any CPU.ActiveCfg = Release|Any CPU
		{434BBA7D-1FA8-4F75-A6AF-8FAAD1B04681}.Release|Any CPU.Build.0 = Release|Any CPU
	EndGlobalSection
	GlobalSection(SolutionProperties) = preSolution
		HideSolutionNode = FALSE
	EndGlobalSection
	GlobalSection(ExtensibilityGlobals) = postSolution
		SolutionGuid = {C99040B6-14B0-4826-BB68-18852B484CF7}
	EndGlobalSection
EndGlobal
